{
  "name": "js_servidores",
  "lockfileVersion": 3,
  "requires": true,
  "packages": {
    "": {
      "dependencies": {
        "jpv": "^3.1.2"
      }
    },
    "node_modules/jpv": {
      "version": "3.1.2",
      "resolved": "https://registry.npmjs.org/jpv/-/jpv-3.1.2.tgz",
      "integrity": "sha512-kwD/iEUexDOTTsAG7THY/uMu+kzkXShFCcg4M/z9CPrhSVOkCpZYADO/NbobhygWBYg0Ri5sW67IV5ZkRj8PuQ==",
      "license": "ISC"
    }
  }
}
